dependencies:
- name: hdfs
  repository: https://logan-jun.github.io/helm-chart/
  version: 0.1.9
- name: zookeeper
  repository: https://kubernetes-charts-incubator.storage.googleapis.com/
  version: ~2.1.0
digest: sha256:8fd2c9882dfbf0cd14ac2fa7fa3fea579f2e749180c78ed3cbe0d67b7686ac94
generated: "2020-06-09T17:08:08.391629+09:00"
